
Microsoft Visual Studio Solution File, Format Version 12.00
# Visual Studio Version 17
VisualStudioVersion = 17.4.33213.308
MinimumVisualStudioVersion = 10.0.40219.1
Project("{FAE04EC0-301F-11D3-BF4B-00C04F79EFBC}") = "ADOMVC", "ADOMVC\ADOMVC.csproj", "{C10D133A-EC6C-4B79-BA7A-096220589C94}"
EndProject
Global
	GlobalSection(SolutionConfigurationPlatforms) = preSolution
		Debug|Any CPU = Debug|Any CPU
		Release|Any CPU = Release|Any CPU
	EndGlobalSection
	GlobalSection(ProjectConfigurationPlatforms) = postSolution
		{C10D133A-EC6C-4B79-BA7A-096220589C94}.Debug|Any CPU.ActiveCfg = Debug|Any CPU
		{C10D133A-EC6C-4B79-BA7A-096220589C94}.Debug|Any CPU.Build.0 = Debug|Any CPU
		{C10D133A-EC6C-4B79-BA7A-096220589C94}.Release|Any CPU.ActiveCfg = Release|Any CPU
		{C10D133A-EC6C-4B79-BA7A-096220589C94}.Release|Any CPU.Build.0 = Release|Any CPU
	EndGlobalSection
	GlobalSection(SolutionProperties) = preSolution
		HideSolutionNode = FALSE
	EndGlobalSection
	GlobalSection(ExtensibilityGlobals) = postSolution
		SolutionGuid = {BB12F267-C70B-4F24-8A71-881AEDC650C9}
	EndGlobalSection
EndGlobal
